
Microsoft Visual Studio Solution File, Format Version 12.00
# Visual Studio Version 16
VisualStudioVersion = 16.0.31424.327
MinimumVisualStudioVersion = 10.0.40219.1
Project("{9A19103F-16F7-4668-BE54-9A1E7A4F7556}") = "Poly.Tcp", "..\Poly.Tcp\Tcp\Poly.Tcp.csproj", "{1B242B4D-DA48-4A2A-961E-29E1A517F014}"
EndProject
Project("{9A19103F-16F7-4668-BE54-9A1E7A4F7556}") = "Poly.Serialization", "..\Poly.Serialization\Serialization\Poly.Serialization.csproj", "{541A8CB9-3A0B-48FB-9517-BD3E53EE3888}"
EndProject
Project("{9A19103F-16F7-4668-BE54-9A1E7A4F7556}") = "Poly.Net", "Net\Poly.Net.csproj", "{1ABF88BF-0C70-4A5B-9AFB-A3C90C3C8D4E}"
EndProject
Project("{9A19103F-16F7-4668-BE54-9A1E7A4F7556}") = "Poly.Net.Tests", "Net.Tests\Poly.Net.Tests.csproj", "{6A6E61B3-CA91-4CDC-ABA7-D49A51683B1F}"
EndProject
Global
	GlobalSection(SolutionConfigurationPlatforms) = preSolution
		Debug|Any CPU = Debug|Any CPU
		Release|Any CPU = Release|Any CPU
	EndGlobalSection
	GlobalSection(ProjectConfigurationPlatforms) = postSolution
		{1B242B4D-DA48-4A2A-961E-29E1A517F014}.Debug|Any CPU.ActiveCfg = Debug|Any CPU
		{1B242B4D-DA48-4A2A-961E-29E1A517F014}.Debug|Any CPU.Build.0 = Debug|Any CPU
		{1B242B4D-DA48-4A2A-961E-29E1A517F014}.Release|Any CPU.ActiveCfg = Release|Any CPU
		{1B242B4D-DA48-4A2A-961E-29E1A517F014}.Release|Any CPU.Build.0 = Release|Any CPU
		{541A8CB9-3A0B-48FB-9517-BD3E53EE3888}.Debug|Any CPU.ActiveCfg = Debug|Any CPU
		{541A8CB9-3A0B-48FB-9517-BD3E53EE3888}.Debug|Any CPU.Build.0 = Debug|Any CPU
		{541A8CB9-3A0B-48FB-9517-BD3E53EE3888}.Release|Any CPU.ActiveCfg = Release|Any CPU
		{541A8CB9-3A0B-48FB-9517-BD3E53EE3888}.Release|Any CPU.Build.0 = Release|Any CPU
		{1ABF88BF-0C70-4A5B-9AFB-A3C90C3C8D4E}.Debug|Any CPU.ActiveCfg = Debug|Any CPU
		{1ABF88BF-0C70-4A5B-9AFB-A3C90C3C8D4E}.Debug|Any CPU.Build.0 = Debug|Any CPU
		{1ABF88BF-0C70-4A5B-9AFB-A3C90C3C8D4E}.Release|Any CPU.ActiveCfg = Release|Any CPU
		{1ABF88BF-0C70-4A5B-9AFB-A3C90C3C8D4E}.Release|Any CPU.Build.0 = Release|Any CPU
		{6A6E61B3-CA91-4CDC-ABA7-D49A51683B1F}.Debug|Any CPU.ActiveCfg = Debug|Any CPU
		{6A6E61B3-CA91-4CDC-ABA7-D49A51683B1F}.Debug|Any CPU.Build.0 = Debug|Any CPU
		{6A6E61B3-CA91-4CDC-ABA7-D49A51683B1F}.Release|Any CPU.ActiveCfg = Release|Any CPU
		{6A6E61B3-CA91-4CDC-ABA7-D49A51683B1F}.Release|Any CPU.Build.0 = Release|Any CPU
	EndGlobalSection
	GlobalSection(SolutionProperties) = preSolution
		HideSolutionNode = FALSE
	EndGlobalSection
	GlobalSection(ExtensibilityGlobals) = postSolution
		SolutionGuid = {3F4A3E2B-59B6-49E0-AF8C-647F6136BAE6}
	EndGlobalSection
EndGlobal
